
Microsoft Visual Studio Solution File, Format Version 12.00
# Visual Studio Version 16
VisualStudioVersion = 16.0.30907.101
MinimumVisualStudioVersion = 10.0.40219.1
Project("{FAE04EC0-301F-11D3-BF4B-00C04F79EFBC}") = "mvv", "mvv\mvv.csproj", "{06C59C6F-10EC-44C1-AAB5-C66538ED3E7C}"
EndProject
Global
	GlobalSection(SolutionConfigurationPlatforms) = preSolution
		Debug|Any CPU = Debug|Any CPU
		Release|Any CPU = Release|Any CPU
	EndGlobalSection
	GlobalSection(ProjectConfigurationPlatforms) = postSolution
		{06C59C6F-10EC-44C1-AAB5-C66538ED3E7C}.Debug|Any CPU.ActiveCfg = Debug|Any CPU
		{06C59C6F-10EC-44C1-AAB5-C66538ED3E7C}.Debug|Any CPU.Build.0 = Debug|Any CPU
		{06C59C6F-10EC-44C1-AAB5-C66538ED3E7C}.Release|Any CPU.ActiveCfg = Release|Any CPU
		{06C59C6F-10EC-44C1-AAB5-C66538ED3E7C}.Release|Any CPU.Build.0 = Release|Any CPU
	EndGlobalSection
	GlobalSection(SolutionProperties) = preSolution
		HideSolutionNode = FALSE
	EndGlobalSection
	GlobalSection(ExtensibilityGlobals) = postSolution
		SolutionGuid = {EE2FC1F0-E91D-4EC3-B563-D4821EB7F0BC}
	EndGlobalSection
EndGlobal
